
Microsoft Visual Studio Solution File, Format Version 12.00
# Visual Studio Version 16
VisualStudioVersion = 16.0.31410.357
MinimumVisualStudioVersion = 10.0.40219.1
Project("{FAE04EC0-301F-11D3-BF4B-00C04F79EFBC}") = "MegaVirada2", "MegaVirada2\MegaVirada2.csproj", "{E4AF5EDF-4AD3-4903-B03C-7CF84B813F49}"
EndProject
Global
	GlobalSection(SolutionConfigurationPlatforms) = preSolution
		Debug|Any CPU = Debug|Any CPU
		Release|Any CPU = Release|Any CPU
	EndGlobalSection
	GlobalSection(ProjectConfigurationPlatforms) = postSolution
		{E4AF5EDF-4AD3-4903-B03C-7CF84B813F49}.Debug|Any CPU.ActiveCfg = Debug|Any CPU
		{E4AF5EDF-4AD3-4903-B03C-7CF84B813F49}.Debug|Any CPU.Build.0 = Debug|Any CPU
		{E4AF5EDF-4AD3-4903-B03C-7CF84B813F49}.Release|Any CPU.ActiveCfg = Release|Any CPU
		{E4AF5EDF-4AD3-4903-B03C-7CF84B813F49}.Release|Any CPU.Build.0 = Release|Any CPU
	EndGlobalSection
	GlobalSection(SolutionProperties) = preSolution
		HideSolutionNode = FALSE
	EndGlobalSection
	GlobalSection(ExtensibilityGlobals) = postSolution
		SolutionGuid = {B56F3974-3EC4-42D9-B935-8FEB55261E40}
	EndGlobalSection
EndGlobal
